PODS:
  - Alamofire (4.7.3)
  - GoogleWebRTC (1.1.25651)
  - ReSwift (4.0.1)
  - Starscream (3.0.6)

DEPENDENCIES:
  - Alamofire (~> 4.6)
  - GoogleWebRTC (~> 1.1.22383)
  - ReSwift (~> 4.0)
  - Starscream (~> 3.0)

SPEC CHECKSUMS:
  Alamofire: c7287b6e5d7da964a70935e5db17046b7fde6568
  GoogleWebRTC: ba7b063ececfa10584748ef09acadb888daf06bb
  ReSwift: f4012c613e13da7398827fe5aebdb938eaed40a3
  Starscream: ef3ece99d765eeccb67de105bfa143f929026cf5

PODFILE CHECKSUM: 4cf8b3053b4fc328f1ca3c938fe899b9bbc2531f

COCOAPODS: 1.4.0
