PODS:
  - Alamofire (4.7.0)
  - GoogleWebRTC (1.1.22383)
  - ReSwift (4.0.1)
  - Starscream (3.0.4)

DEPENDENCIES:
  - Alamofire (~> 4.6)
  - GoogleWebRTC (~> 1.1.22383)
  - ReSwift (~> 4.0)
  - Starscream (~> 3.0)

SPEC CHECKSUMS:
  Alamofire: 907e0a98eb68cdb7f9d1f541a563d6ac5dc77b25
  GoogleWebRTC: 286085b6329b3774b874bdf749e1663644befc5b
  ReSwift: f4012c613e13da7398827fe5aebdb938eaed40a3
  Starscream: f5da93fe6984c77b694366bf7299b7dc63a76f26

PODFILE CHECKSUM: 28fdd4695ca53db3f6f275a927bc841f5f75b63b

COCOAPODS: 1.4.0
